
Microsoft Visual Studio Solution File, Format Version 12.00
# Visual Studio Version 16
VisualStudioVersion = 16.0.30816.121
MinimumVisualStudioVersion = 10.0.40219.1
Project("{9A19103F-16F7-4668-BE54-9A1E7A4F7556}") = "Interfce", "Interfce.csproj", "{0D541D51-25E7-475B-A052-D8515A315858}"
EndProject
Global
	GlobalSection(SolutionConfigurationPlatforms) = preSolution
		Debug|Any CPU = Debug|Any CPU
		Release|Any CPU = Release|Any CPU
	EndGlobalSection
	GlobalSection(ProjectConfigurationPlatforms) = postSolution
		{0D541D51-25E7-475B-A052-D8515A315858}.Debug|Any CPU.ActiveCfg = Debug|Any CPU
		{0D541D51-25E7-475B-A052-D8515A315858}.Debug|Any CPU.Build.0 = Debug|Any CPU
		{0D541D51-25E7-475B-A052-D8515A315858}.Release|Any CPU.ActiveCfg = Release|Any CPU
		{0D541D51-25E7-475B-A052-D8515A315858}.Release|Any CPU.Build.0 = Release|Any CPU
	EndGlobalSection
	GlobalSection(SolutionProperties) = preSolution
		HideSolutionNode = FALSE
	EndGlobalSection
	GlobalSection(ExtensibilityGlobals) = postSolution
		SolutionGuid = {11B2DF40-6FFA-479D-943B-37E2EDD4DF3E}
	EndGlobalSection
EndGlobal
